
Microsoft Visual Studio Solution File, Format Version 12.00
# Visual Studio Version 16
VisualStudioVersion = 16.0.30621.155
MinimumVisualStudioVersion = 10.0.40219.1
Project("{9A19103F-16F7-4668-BE54-9A1E7A4F7556}") = "WebApplication6", "WebApplication6\WebApplication6.csproj", "{2B05C5CD-9F9A-4CC0-AB90-55592A030756}"
EndProject
Global
	GlobalSection(SolutionConfigurationPlatforms) = preSolution
		Debug|Any CPU = Debug|Any CPU
		Release|Any CPU = Release|Any CPU
	EndGlobalSection
	GlobalSection(ProjectConfigurationPlatforms) = postSolution
		{2B05C5CD-9F9A-4CC0-AB90-55592A030756}.Debug|Any CPU.ActiveCfg = Debug|Any CPU
		{2B05C5CD-9F9A-4CC0-AB90-55592A030756}.Debug|Any CPU.Build.0 = Debug|Any CPU
		{2B05C5CD-9F9A-4CC0-AB90-55592A030756}.Release|Any CPU.ActiveCfg = Release|Any CPU
		{2B05C5CD-9F9A-4CC0-AB90-55592A030756}.Release|Any CPU.Build.0 = Release|Any CPU
	EndGlobalSection
	GlobalSection(SolutionProperties) = preSolution
		HideSolutionNode = FALSE
	EndGlobalSection
	GlobalSection(ExtensibilityGlobals) = postSolution
		SolutionGuid = {F0ADBA23-9FF9-4668-AD62-096C576E5AE3}
	EndGlobalSection
EndGlobal
